
Microsoft Visual Studio Solution File, Format Version 12.00
# Visual Studio 15
VisualStudioVersion = 15.0.27703.2035
MinimumVisualStudioVersion = 10.0.40219.1
Project("{FAE04EC0-301F-11D3-BF4B-00C04F79EFBC}") = "NArr", "NArr\NArr.csproj", "{F25B009B-51DB-4EC4-9424-BF85F417B33A}"
EndProject
Project("{FAE04EC0-301F-11D3-BF4B-00C04F79EFBC}") = "NArr.UnitTests", "NArr.UnitTests\NArr.UnitTests.csproj", "{684241EB-FF02-4082-90E6-3D833DD68F32}"
EndProject
Global
	GlobalSection(SolutionConfigurationPlatforms) = preSolution
		Debug|Any CPU = Debug|Any CPU
		Release|Any CPU = Release|Any CPU
	EndGlobalSection
	GlobalSection(ProjectConfigurationPlatforms) = postSolution
		{F25B009B-51DB-4EC4-9424-BF85F417B33A}.Debug|Any CPU.ActiveCfg = Debug|Any CPU
		{F25B009B-51DB-4EC4-9424-BF85F417B33A}.Debug|Any CPU.Build.0 = Debug|Any CPU
		{F25B009B-51DB-4EC4-9424-BF85F417B33A}.Release|Any CPU.ActiveCfg = Release|Any CPU
		{F25B009B-51DB-4EC4-9424-BF85F417B33A}.Release|Any CPU.Build.0 = Release|Any CPU
		{684241EB-FF02-4082-90E6-3D833DD68F32}.Debug|Any CPU.ActiveCfg = Debug|Any CPU
		{684241EB-FF02-4082-90E6-3D833DD68F32}.Debug|Any CPU.Build.0 = Debug|Any CPU
		{684241EB-FF02-4082-90E6-3D833DD68F32}.Release|Any CPU.ActiveCfg = Release|Any CPU
		{684241EB-FF02-4082-90E6-3D833DD68F32}.Release|Any CPU.Build.0 = Release|Any CPU
	EndGlobalSection
	GlobalSection(SolutionProperties) = preSolution
		HideSolutionNode = FALSE
	EndGlobalSection
	GlobalSection(ExtensibilityGlobals) = postSolution
		SolutionGuid = {A702B570-06A7-4BC8-8518-F51FC153681A}
	EndGlobalSection
EndGlobal
