
Microsoft Visual Studio Solution File, Format Version 12.00
# Visual Studio Version 16
VisualStudioVersion = 16.0.29025.244
MinimumVisualStudioVersion = 10.0.40219.1
Project("{9A19103F-16F7-4668-BE54-9A1E7A4F7556}") = "NArr", "NArr\NArr.csproj", "{E137833E-5759-46AC-8F35-89A7E1B1A282}"
EndProject
Project("{9A19103F-16F7-4668-BE54-9A1E7A4F7556}") = "NArr.UnitTests", "NArr.UnitTests\NArr.UnitTests.csproj", "{4BDA5833-0E18-4DFB-AC08-F08DEDC05DF9}"
EndProject
Project("{FAE04EC0-301F-11D3-BF4B-00C04F79EFBC}") = "NArr.Benchmarks", "NArr.Benchmarks\NArr.Benchmarks.csproj", "{D64820F1-6049-42E7-8997-9F4431D9AAE0}"
EndProject
Global
	GlobalSection(SolutionConfigurationPlatforms) = preSolution
		Debug|Any CPU = Debug|Any CPU
		Release|Any CPU = Release|Any CPU
	EndGlobalSection
	GlobalSection(ProjectConfigurationPlatforms) = postSolution
		{E137833E-5759-46AC-8F35-89A7E1B1A282}.Debug|Any CPU.ActiveCfg = Debug|Any CPU
		{E137833E-5759-46AC-8F35-89A7E1B1A282}.Debug|Any CPU.Build.0 = Debug|Any CPU
		{E137833E-5759-46AC-8F35-89A7E1B1A282}.Release|Any CPU.ActiveCfg = Release|Any CPU
		{E137833E-5759-46AC-8F35-89A7E1B1A282}.Release|Any CPU.Build.0 = Release|Any CPU
		{4BDA5833-0E18-4DFB-AC08-F08DEDC05DF9}.Debug|Any CPU.ActiveCfg = Debug|Any CPU
		{4BDA5833-0E18-4DFB-AC08-F08DEDC05DF9}.Debug|Any CPU.Build.0 = Debug|Any CPU
		{4BDA5833-0E18-4DFB-AC08-F08DEDC05DF9}.Release|Any CPU.ActiveCfg = Release|Any CPU
		{4BDA5833-0E18-4DFB-AC08-F08DEDC05DF9}.Release|Any CPU.Build.0 = Release|Any CPU
		{D64820F1-6049-42E7-8997-9F4431D9AAE0}.Debug|Any CPU.ActiveCfg = Debug|Any CPU
		{D64820F1-6049-42E7-8997-9F4431D9AAE0}.Debug|Any CPU.Build.0 = Debug|Any CPU
		{D64820F1-6049-42E7-8997-9F4431D9AAE0}.Release|Any CPU.ActiveCfg = Release|Any CPU
		{D64820F1-6049-42E7-8997-9F4431D9AAE0}.Release|Any CPU.Build.0 = Release|Any CPU
	EndGlobalSection
	GlobalSection(SolutionProperties) = preSolution
		HideSolutionNode = FALSE
	EndGlobalSection
	GlobalSection(ExtensibilityGlobals) = postSolution
		SolutionGuid = {414BCD99-B49F-467D-A652-79B6F194D700}
	EndGlobalSection
EndGlobal
